
Microsoft Visual Studio Solution File, Format Version 12.00
# Visual Studio Version 17
VisualStudioVersion = 17.10.35027.167
MinimumVisualStudioVersion = 10.0.40219.1
Project("{FAE04EC0-301F-11D3-BF4B-00C04F79EFBC}") = "EntityFrameworkProject", "EntityFrameworkProject\EntityFrameworkProject.csproj", "{99B71DDA-B415-49A4-ABB3-27CF20F49FA5}"
EndProject
Global
	GlobalSection(SolutionConfigurationPlatforms) = preSolution
		Debug|Any CPU = Debug|Any CPU
		Release|Any CPU = Release|Any CPU
	EndGlobalSection
	GlobalSection(ProjectConfigurationPlatforms) = postSolution
		{99B71DDA-B415-49A4-ABB3-27CF20F49FA5}.Debug|Any CPU.ActiveCfg = Debug|Any CPU
		{99B71DDA-B415-49A4-ABB3-27CF20F49FA5}.Debug|Any CPU.Build.0 = Debug|Any CPU
		{99B71DDA-B415-49A4-ABB3-27CF20F49FA5}.Release|Any CPU.ActiveCfg = Release|Any CPU
		{99B71DDA-B415-49A4-ABB3-27CF20F49FA5}.Release|Any CPU.Build.0 = Release|Any CPU
	EndGlobalSection
	GlobalSection(SolutionProperties) = preSolution
		HideSolutionNode = FALSE
	EndGlobalSection
	GlobalSection(ExtensibilityGlobals) = postSolution
		SolutionGuid = {D1510307-1F87-4AE4-B435-C0886E8C6487}
	EndGlobalSection
EndGlobal
